
Microsoft Visual Studio Solution File, Format Version 12.00
# Visual Studio Version 16
VisualStudioVersion = 16.0.30621.155
MinimumVisualStudioVersion = 10.0.40219.1
Project("{FAE04EC0-301F-11D3-BF4B-00C04F79EFBC}") = "10CRUDPersonasUI", "10CRUDPersonasUI\10CRUDPersonasUI.csproj", "{46CA7BC1-2B10-47EB-BFD9-F244641ED0DE}"
EndProject
Project("{FAE04EC0-301F-11D3-BF4B-00C04F79EFBC}") = "10CRUDPersonasDAL", "10CRUDPersonasDAL\10CRUDPersonasDAL.csproj", "{0120E52A-5D46-4AF2-9F20-B21592A53D7C}"
EndProject
Project("{FAE04EC0-301F-11D3-BF4B-00C04F79EFBC}") = "10CRUDPersonasBL", "10CRUDPersonasBL\10CRUDPersonasBL.csproj", "{9D2DD970-DA6F-4910-AF76-1FFE75A458D0}"
EndProject
Project("{FAE04EC0-301F-11D3-BF4B-00C04F79EFBC}") = "10CRUDPersonasEntities", "10CRUDPersonasEntities\10CRUDPersonasEntities.csproj", "{89A33200-199E-4CE2-9F61-9452A233A93E}"
EndProject
Project("{FAE04EC0-301F-11D3-BF4B-00C04F79EFBC}") = "10CRUDPersonasAPI", "10CRUDPersonasAPI\10CRUDPersonasAPI.csproj", "{296567B2-7533-401E-B528-5E63606D7D18}"
EndProject
Global
	GlobalSection(SolutionConfigurationPlatforms) = preSolution
		Debug|Any CPU = Debug|Any CPU
		Release|Any CPU = Release|Any CPU
	EndGlobalSection
	GlobalSection(ProjectConfigurationPlatforms) = postSolution
		{46CA7BC1-2B10-47EB-BFD9-F244641ED0DE}.Debug|Any CPU.ActiveCfg = Debug|Any CPU
		{46CA7BC1-2B10-47EB-BFD9-F244641ED0DE}.Debug|Any CPU.Build.0 = Debug|Any CPU
		{46CA7BC1-2B10-47EB-BFD9-F244641ED0DE}.Release|Any CPU.ActiveCfg = Release|Any CPU
		{46CA7BC1-2B10-47EB-BFD9-F244641ED0DE}.Release|Any CPU.Build.0 = Release|Any CPU
		{0120E52A-5D46-4AF2-9F20-B21592A53D7C}.Debug|Any CPU.ActiveCfg = Debug|Any CPU
		{0120E52A-5D46-4AF2-9F20-B21592A53D7C}.Debug|Any CPU.Build.0 = Debug|Any CPU
		{0120E52A-5D46-4AF2-9F20-B21592A53D7C}.Release|Any CPU.ActiveCfg = Release|Any CPU
		{0120E52A-5D46-4AF2-9F20-B21592A53D7C}.Release|Any CPU.Build.0 = Release|Any CPU
		{9D2DD970-DA6F-4910-AF76-1FFE75A458D0}.Debug|Any CPU.ActiveCfg = Debug|Any CPU
		{9D2DD970-DA6F-4910-AF76-1FFE75A458D0}.Debug|Any CPU.Build.0 = Debug|Any CPU
		{9D2DD970-DA6F-4910-AF76-1FFE75A458D0}.Release|Any CPU.ActiveCfg = Release|Any CPU
		{9D2DD970-DA6F-4910-AF76-1FFE75A458D0}.Release|Any CPU.Build.0 = Release|Any CPU
		{89A33200-199E-4CE2-9F61-9452A233A93E}.Debug|Any CPU.ActiveCfg = Debug|Any CPU
		{89A33200-199E-4CE2-9F61-9452A233A93E}.Debug|Any CPU.Build.0 = Debug|Any CPU
		{89A33200-199E-4CE2-9F61-9452A233A93E}.Release|Any CPU.ActiveCfg = Release|Any CPU
		{89A33200-199E-4CE2-9F61-9452A233A93E}.Release|Any CPU.Build.0 = Release|Any CPU
		{296567B2-7533-401E-B528-5E63606D7D18}.Debug|Any CPU.ActiveCfg = Debug|Any CPU
		{296567B2-7533-401E-B528-5E63606D7D18}.Debug|Any CPU.Build.0 = Debug|Any CPU
		{296567B2-7533-401E-B528-5E63606D7D18}.Release|Any CPU.ActiveCfg = Release|Any CPU
		{296567B2-7533-401E-B528-5E63606D7D18}.Release|Any CPU.Build.0 = Release|Any CPU
	EndGlobalSection
	GlobalSection(SolutionProperties) = preSolution
		HideSolutionNode = FALSE
	EndGlobalSection
	GlobalSection(ExtensibilityGlobals) = postSolution
		SolutionGuid = {1D0ED223-3093-4A12-8929-E17FB2C5C990}
	EndGlobalSection
EndGlobal
