
Microsoft Visual Studio Solution File, Format Version 12.00
# Visual Studio Version 16
VisualStudioVersion = 16.0.30517.126
MinimumVisualStudioVersion = 10.0.40219.1
Project("{FAE04EC0-301F-11D3-BF4B-00C04F79EFBC}") = "08ASPNETMVCDatosControlador01", "08ASPNETMVCDatosControlador01\08ASPNETMVCDatosControlador01.csproj", "{4CAF3C7D-D779-409F-9626-A7FA3BEAE1EB}"
EndProject
Project("{FAE04EC0-301F-11D3-BF4B-00C04F79EFBC}") = "08ASPNETMVCDatosControlador02", "08ASPNETMVCDatosControlador02\08ASPNETMVCDatosControlador02.csproj", "{AC4CA1E4-7582-49C0-8746-8A7B22CC1086}"
EndProject
Project("{FAE04EC0-301F-11D3-BF4B-00C04F79EFBC}") = "08ASPNETMVCDatosControlador03", "08ASPNETMVCDatosControlador03\08ASPNETMVCDatosControlador03.csproj", "{2A059B65-35F0-4DC8-9900-CF9CD68530D2}"
EndProject
Global
	GlobalSection(SolutionConfigurationPlatforms) = preSolution
		Debug|Any CPU = Debug|Any CPU
		Release|Any CPU = Release|Any CPU
	EndGlobalSection
	GlobalSection(ProjectConfigurationPlatforms) = postSolution
		{4CAF3C7D-D779-409F-9626-A7FA3BEAE1EB}.Debug|Any CPU.ActiveCfg = Debug|Any CPU
		{4CAF3C7D-D779-409F-9626-A7FA3BEAE1EB}.Debug|Any CPU.Build.0 = Debug|Any CPU
		{4CAF3C7D-D779-409F-9626-A7FA3BEAE1EB}.Release|Any CPU.ActiveCfg = Release|Any CPU
		{4CAF3C7D-D779-409F-9626-A7FA3BEAE1EB}.Release|Any CPU.Build.0 = Release|Any CPU
		{AC4CA1E4-7582-49C0-8746-8A7B22CC1086}.Debug|Any CPU.ActiveCfg = Debug|Any CPU
		{AC4CA1E4-7582-49C0-8746-8A7B22CC1086}.Debug|Any CPU.Build.0 = Debug|Any CPU
		{AC4CA1E4-7582-49C0-8746-8A7B22CC1086}.Release|Any CPU.ActiveCfg = Release|Any CPU
		{AC4CA1E4-7582-49C0-8746-8A7B22CC1086}.Release|Any CPU.Build.0 = Release|Any CPU
		{2A059B65-35F0-4DC8-9900-CF9CD68530D2}.Debug|Any CPU.ActiveCfg = Debug|Any CPU
		{2A059B65-35F0-4DC8-9900-CF9CD68530D2}.Debug|Any CPU.Build.0 = Debug|Any CPU
		{2A059B65-35F0-4DC8-9900-CF9CD68530D2}.Release|Any CPU.ActiveCfg = Release|Any CPU
		{2A059B65-35F0-4DC8-9900-CF9CD68530D2}.Release|Any CPU.Build.0 = Release|Any CPU
	EndGlobalSection
	GlobalSection(SolutionProperties) = preSolution
		HideSolutionNode = FALSE
	EndGlobalSection
	GlobalSection(ExtensibilityGlobals) = postSolution
		SolutionGuid = {4A3005E6-9459-446C-B719-CFBA1ED6D591}
	EndGlobalSection
EndGlobal
