
Microsoft Visual Studio Solution File, Format Version 12.00
# Visual Studio Version 16
VisualStudioVersion = 16.0.30517.126
MinimumVisualStudioVersion = 10.0.40219.1
Project("{FAE04EC0-301F-11D3-BF4B-00C04F79EFBC}") = "06HolaMundoASPNETMVC_UI", "06HolaMundoASPNETMVC_UI\06HolaMundoASPNETMVC_UI.csproj", "{05CB2055-97F8-4F80-B1FC-6F3D8C5085F1}"
EndProject
Global
	GlobalSection(SolutionConfigurationPlatforms) = preSolution
		Debug|Any CPU = Debug|Any CPU
		Release|Any CPU = Release|Any CPU
	EndGlobalSection
	GlobalSection(ProjectConfigurationPlatforms) = postSolution
		{05CB2055-97F8-4F80-B1FC-6F3D8C5085F1}.Debug|Any CPU.ActiveCfg = Debug|Any CPU
		{05CB2055-97F8-4F80-B1FC-6F3D8C5085F1}.Debug|Any CPU.Build.0 = Debug|Any CPU
		{05CB2055-97F8-4F80-B1FC-6F3D8C5085F1}.Release|Any CPU.ActiveCfg = Release|Any CPU
		{05CB2055-97F8-4F80-B1FC-6F3D8C5085F1}.Release|Any CPU.Build.0 = Release|Any CPU
	EndGlobalSection
	GlobalSection(SolutionProperties) = preSolution
		HideSolutionNode = FALSE
	EndGlobalSection
	GlobalSection(ExtensibilityGlobals) = postSolution
		SolutionGuid = {B9AB0AF8-4DF4-4B2B-B9CD-901D2461F07A}
	EndGlobalSection
EndGlobal
