
Microsoft Visual Studio Solution File, Format Version 12.00
# Visual Studio Version 16
VisualStudioVersion = 16.0.30517.126
MinimumVisualStudioVersion = 10.0.40219.1
Project("{FAE04EC0-301F-11D3-BF4B-00C04F79EFBC}") = "09TareaObligatoria", "09TareaObligatoria\09TareaObligatoria.csproj", "{F85FCE1E-3FA3-4B6E-9DB3-27AA73C439C3}"
EndProject
Global
	GlobalSection(SolutionConfigurationPlatforms) = preSolution
		Debug|Any CPU = Debug|Any CPU
		Release|Any CPU = Release|Any CPU
	EndGlobalSection
	GlobalSection(ProjectConfigurationPlatforms) = postSolution
		{F85FCE1E-3FA3-4B6E-9DB3-27AA73C439C3}.Debug|Any CPU.ActiveCfg = Debug|Any CPU
		{F85FCE1E-3FA3-4B6E-9DB3-27AA73C439C3}.Debug|Any CPU.Build.0 = Debug|Any CPU
		{F85FCE1E-3FA3-4B6E-9DB3-27AA73C439C3}.Release|Any CPU.ActiveCfg = Release|Any CPU
		{F85FCE1E-3FA3-4B6E-9DB3-27AA73C439C3}.Release|Any CPU.Build.0 = Release|Any CPU
	EndGlobalSection
	GlobalSection(SolutionProperties) = preSolution
		HideSolutionNode = FALSE
	EndGlobalSection
	GlobalSection(ExtensibilityGlobals) = postSolution
		SolutionGuid = {7B26B25A-E5AD-4E4A-BD15-11FF8646038A}
	EndGlobalSection
EndGlobal
